{
	archiveVersion = 1;
	classes = {
	};
	objectVersion = 54;
	objects = {

		33CC111A2044C6BA0003C045 
		335BBD1B22A9A15E00E9071D 
		33CC111F2044C79F0003C045 
		33CC110E2044A8840003C045 
		333000ED22D3DE5D00554162 
		33CC10EA2044A3C60003C045 
		33BA886A226E78AF003329D5 
		33CC10EC2044A3C60003C045 
		33CC10E52044A3C60003C045 
		33CC10EB2044A3C60003C045 
		3399D490228B24CF009A79C7 
		33CC10E92044A3C60003C045 
		33CC11202044C79F0003C045 
		33CC10F42044A3C60003C045 
		338D0CE9231458BD00FA5F75 
		33CC10E82044A3C60003C045 	};
	rootObject = 33CC10E52044A3C60003C045 /* Project object */;
}
